
Microsoft Visual Studio Solution File, Format Version 12.00
# Visual Studio Version 16
VisualStudioVersion = 16.0.30907.101
MinimumVisualStudioVersion = 10.0.40219.1
Project("{9A19103F-16F7-4668-BE54-9A1E7A4F7556}") = "KampIntro", "KampIntro\KampIntro.csproj", "{B5EAF8D8-4596-42B6-A20F-6A48D42C7381}"
EndProject
Project("{9A19103F-16F7-4668-BE54-9A1E7A4F7556}") = "Donguler", "Donguler\Donguler.csproj", "{A1278C39-073F-4021-B85F-D86DDAC07D04}"
EndProject
Project("{9A19103F-16F7-4668-BE54-9A1E7A4F7556}") = "ClassIntro", "ClassIntro\ClassIntro.csproj", "{515C8CAE-0207-4772-887A-A584469705FE}"
EndProject
Project("{9A19103F-16F7-4668-BE54-9A1E7A4F7556}") = "Metodlar", "Metotlar\Metodlar.csproj", "{7EAEC6C9-FE00-43E4-B25D-218D288322F4}"
EndProject
Project("{9A19103F-16F7-4668-BE54-9A1E7A4F7556}") = "Matematik", "Matematik\Matematik.csproj", "{1A6EA838-331E-43A8-A155-83273FE11F21}"
EndProject
Project("{9A19103F-16F7-4668-BE54-9A1E7A4F7556}") = "DegerVeReferansTipler", "DegerVeReferansTipler\DegerVeReferansTipler.csproj", "{A64E6451-AB71-43BC-A6D5-B89463D4433E}"
EndProject
Project("{9A19103F-16F7-4668-BE54-9A1E7A4F7556}") = "OOP1", "OOP1\OOP1.csproj", "{4A7CC47C-36A5-476C-8FF3-027122CE4CEF}"
EndProject
Project("{9A19103F-16F7-4668-BE54-9A1E7A4F7556}") = "Koleksiyonlar", "Koleksiyonlar\Koleksiyonlar.csproj", "{61A4A57F-2850-4881-9309-BD129DC2B457}"
EndProject
Project("{9A19103F-16F7-4668-BE54-9A1E7A4F7556}") = "GenericsIntro", "GenericsIntro\GenericsIntro.csproj", "{007E8C80-663A-485E-997B-387BAAF9D999}"
EndProject
Project("{9A19103F-16F7-4668-BE54-9A1E7A4F7556}") = "OOP2", "OOP2\OOP2.csproj", "{89BE954C-0E56-4B86-BF7C-C28C346E9BE6}"
EndProject
Project("{9A19103F-16F7-4668-BE54-9A1E7A4F7556}") = "OOP3", "OOP3\OOP3.csproj", "{2D4E7380-993F-48C2-B452-0320F28687AB}"
EndProject
Project("{2150E333-8FDC-42A3-9474-1A3956D46DE8}") = "SQL", "SQL", "{7DF2FC04-9336-4822-98FE-D0DBDF6F16A5}"
	ProjectSection(SolutionItems) = preProject
		SQLQuery.sql = SQLQuery.sql
		SQLQueryWork.sql = SQLQueryWork.sql
	EndProjectSection
EndProject
Global
	GlobalSection(SolutionConfigurationPlatforms) = preSolution
		Debug|Any CPU = Debug|Any CPU
		Release|Any CPU = Release|Any CPU
	EndGlobalSection
	GlobalSection(ProjectConfigurationPlatforms) = postSolution
		{B5EAF8D8-4596-42B6-A20F-6A48D42C7381}.Debug|Any CPU.ActiveCfg = Debug|Any CPU
		{B5EAF8D8-4596-42B6-A20F-6A48D42C7381}.Debug|Any CPU.Build.0 = Debug|Any CPU
		{B5EAF8D8-4596-42B6-A20F-6A48D42C7381}.Release|Any CPU.ActiveCfg = Release|Any CPU
		{B5EAF8D8-4596-42B6-A20F-6A48D42C7381}.Release|Any CPU.Build.0 = Release|Any CPU
		{A1278C39-073F-4021-B85F-D86DDAC07D04}.Debug|Any CPU.ActiveCfg = Debug|Any CPU
		{A1278C39-073F-4021-B85F-D86DDAC07D04}.Debug|Any CPU.Build.0 = Debug|Any CPU
		{A1278C39-073F-4021-B85F-D86DDAC07D04}.Release|Any CPU.ActiveCfg = Release|Any CPU
		{A1278C39-073F-4021-B85F-D86DDAC07D04}.Release|Any CPU.Build.0 = Release|Any CPU
		{515C8CAE-0207-4772-887A-A584469705FE}.Debug|Any CPU.ActiveCfg = Debug|Any CPU
		{515C8CAE-0207-4772-887A-A584469705FE}.Debug|Any CPU.Build.0 = Debug|Any CPU
		{515C8CAE-0207-4772-887A-A584469705FE}.Release|Any CPU.ActiveCfg = Release|Any CPU
		{515C8CAE-0207-4772-887A-A584469705FE}.Release|Any CPU.Build.0 = Release|Any CPU
		{7EAEC6C9-FE00-43E4-B25D-218D288322F4}.Debug|Any CPU.ActiveCfg = Debug|Any CPU
		{7EAEC6C9-FE00-43E4-B25D-218D288322F4}.Debug|Any CPU.Build.0 = Debug|Any CPU
		{7EAEC6C9-FE00-43E4-B25D-218D288322F4}.Release|Any CPU.ActiveCfg = Release|Any CPU
		{7EAEC6C9-FE00-43E4-B25D-218D288322F4}.Release|Any CPU.Build.0 = Release|Any CPU
		{1A6EA838-331E-43A8-A155-83273FE11F21}.Debug|Any CPU.ActiveCfg = Debug|Any CPU
		{1A6EA838-331E-43A8-A155-83273FE11F21}.Debug|Any CPU.Build.0 = Debug|Any CPU
		{1A6EA838-331E-43A8-A155-83273FE11F21}.Release|Any CPU.ActiveCfg = Release|Any CPU
		{1A6EA838-331E-43A8-A155-83273FE11F21}.Release|Any CPU.Build.0 = Release|Any CPU
		{A64E6451-AB71-43BC-A6D5-B89463D4433E}.Debug|Any CPU.ActiveCfg = Debug|Any CPU
		{A64E6451-AB71-43BC-A6D5-B89463D4433E}.Debug|Any CPU.Build.0 = Debug|Any CPU
		{A64E6451-AB71-43BC-A6D5-B89463D4433E}.Release|Any CPU.ActiveCfg = Release|Any CPU
		{A64E6451-AB71-43BC-A6D5-B89463D4433E}.Release|Any CPU.Build.0 = Release|Any CPU
		{4A7CC47C-36A5-476C-8FF3-027122CE4CEF}.Debug|Any CPU.ActiveCfg = Debug|Any CPU
		{4A7CC47C-36A5-476C-8FF3-027122CE4CEF}.Debug|Any CPU.Build.0 = Debug|Any CPU
		{4A7CC47C-36A5-476C-8FF3-027122CE4CEF}.Release|Any CPU.ActiveCfg = Release|Any CPU
		{4A7CC47C-36A5-476C-8FF3-027122CE4CEF}.Release|Any CPU.Build.0 = Release|Any CPU
		{61A4A57F-2850-4881-9309-BD129DC2B457}.Debug|Any CPU.ActiveCfg = Debug|Any CPU
		{61A4A57F-2850-4881-9309-BD129DC2B457}.Debug|Any CPU.Build.0 = Debug|Any CPU
		{61A4A57F-2850-4881-9309-BD129DC2B457}.Release|Any CPU.ActiveCfg = Release|Any CPU
		{61A4A57F-2850-4881-9309-BD129DC2B457}.Release|Any CPU.Build.0 = Release|Any CPU
		{007E8C80-663A-485E-997B-387BAAF9D999}.Debug|Any CPU.ActiveCfg = Debug|Any CPU
		{007E8C80-663A-485E-997B-387BAAF9D999}.Debug|Any CPU.Build.0 = Debug|Any CPU
		{007E8C80-663A-485E-997B-387BAAF9D999}.Release|Any CPU.ActiveCfg = Release|Any CPU
		{007E8C80-663A-485E-997B-387BAAF9D999}.Release|Any CPU.Build.0 = Release|Any CPU
		{89BE954C-0E56-4B86-BF7C-C28C346E9BE6}.Debug|Any CPU.ActiveCfg = Debug|Any CPU
		{89BE954C-0E56-4B86-BF7C-C28C346E9BE6}.Debug|Any CPU.Build.0 = Debug|Any CPU
		{89BE954C-0E56-4B86-BF7C-C28C346E9BE6}.Release|Any CPU.ActiveCfg = Release|Any CPU
		{89BE954C-0E56-4B86-BF7C-C28C346E9BE6}.Release|Any CPU.Build.0 = Release|Any CPU
		{2D4E7380-993F-48C2-B452-0320F28687AB}.Debug|Any CPU.ActiveCfg = Debug|Any CPU
		{2D4E7380-993F-48C2-B452-0320F28687AB}.Debug|Any CPU.Build.0 = Debug|Any CPU
		{2D4E7380-993F-48C2-B452-0320F28687AB}.Release|Any CPU.ActiveCfg = Release|Any CPU
		{2D4E7380-993F-48C2-B452-0320F28687AB}.Release|Any CPU.Build.0 = Release|Any CPU
	EndGlobalSection
	GlobalSection(SolutionProperties) = preSolution
		HideSolutionNode = FALSE
	EndGlobalSection
	GlobalSection(ExtensibilityGlobals) = postSolution
		SolutionGuid = {D7782634-2E44-4AC4-B097-E3B516FE1236}
	EndGlobalSection
EndGlobal
